
Microsoft Visual Studio Solution File, Format Version 12.00
# Visual Studio Version 16
VisualStudioVersion = 16.0.29403.142
MinimumVisualStudioVersion = 10.0.40219.1
Project("{8BC9CEB8-8B4A-11D0-8D11-00A0C91BC942}") = "Mordhau-Simple-Auto-Block", "Mordhau-Simple-Auto-Block\Mordhau-Simple-Auto-Block.vcxproj", "{AF1A58C4-7208-4EB3-8BAB-A9263F46E52A}"
EndProject
Global
	GlobalSection(SolutionConfigurationPlatforms) = preSolution
		Debug|x64 = Debug|x64
		Debug|x86 = Debug|x86
		Release|x64 = Release|x64
		Release|x86 = Release|x86
	EndGlobalSection
	GlobalSection(ProjectConfigurationPlatforms) = postSolution
		{AF1A58C4-7208-4EB3-8BAB-A9263F46E52A}.Debug|x64.ActiveCfg = Debug|x64
		{AF1A58C4-7208-4EB3-8BAB-A9263F46E52A}.Debug|x64.Build.0 = Debug|x64
		{AF1A58C4-7208-4EB3-8BAB-A9263F46E52A}.Debug|x86.ActiveCfg = Debug|Win32
		{AF1A58C4-7208-4EB3-8BAB-A9263F46E52A}.Debug|x86.Build.0 = Debug|Win32
		{AF1A58C4-7208-4EB3-8BAB-A9263F46E52A}.Release|x64.ActiveCfg = Release|x64
		{AF1A58C4-7208-4EB3-8BAB-A9263F46E52A}.Release|x64.Build.0 = Release|x64
		{AF1A58C4-7208-4EB3-8BAB-A9263F46E52A}.Release|x86.ActiveCfg = Release|Win32
		{AF1A58C4-7208-4EB3-8BAB-A9263F46E52A}.Release|x86.Build.0 = Release|Win32
	EndGlobalSection
	GlobalSection(SolutionProperties) = preSolution
		HideSolutionNode = FALSE
	EndGlobalSection
	GlobalSection(ExtensibilityGlobals) = postSolution
		SolutionGuid = {FD0D0BC3-1BB5-4904-9005-3BCCCEBFD825}
	EndGlobalSection
EndGlobal
